
Microsoft Visual Studio Solution File, Format Version 12.00
# Visual Studio Version 17
VisualStudioVersion = 17.7.34221.43
MinimumVisualStudioVersion = 10.0.40219.1
Project("{FAE04EC0-301F-11D3-BF4B-00C04F79EFBC}") = "SD6503BenchmarkAppAssignment1", "SD6503BenchmarkAppAssignment1.csproj", "{3B266FFE-D626-48C0-A32A-BAC3A5224E19}"
EndProject
Project("{FAE04EC0-301F-11D3-BF4B-00C04F79EFBC}") = "StaffAppUnitTest", "..\StaffAppUnitTest\StaffAppUnitTest.csproj", "{353BDCE7-2AD9-4BB6-9631-93969FE256A1}"
EndProject
Global
	GlobalSection(SolutionConfigurationPlatforms) = preSolution
		Debug|Any CPU = Debug|Any CPU
		Release|Any CPU = Release|Any CPU
	EndGlobalSection
	GlobalSection(ProjectConfigurationPlatforms) = postSolution
		{3B266FFE-D626-48C0-A32A-BAC3A5224E19}.Debug|Any CPU.ActiveCfg = Debug|Any CPU
		{3B266FFE-D626-48C0-A32A-BAC3A5224E19}.Debug|Any CPU.Build.0 = Debug|Any CPU
		{3B266FFE-D626-48C0-A32A-BAC3A5224E19}.Release|Any CPU.ActiveCfg = Release|Any CPU
		{3B266FFE-D626-48C0-A32A-BAC3A5224E19}.Release|Any CPU.Build.0 = Release|Any CPU
		{353BDCE7-2AD9-4BB6-9631-93969FE256A1}.Debug|Any CPU.ActiveCfg = Debug|Any CPU
		{353BDCE7-2AD9-4BB6-9631-93969FE256A1}.Debug|Any CPU.Build.0 = Debug|Any CPU
		{353BDCE7-2AD9-4BB6-9631-93969FE256A1}.Release|Any CPU.ActiveCfg = Release|Any CPU
		{353BDCE7-2AD9-4BB6-9631-93969FE256A1}.Release|Any CPU.Build.0 = Release|Any CPU
	EndGlobalSection
	GlobalSection(SolutionProperties) = preSolution
		HideSolutionNode = FALSE
	EndGlobalSection
	GlobalSection(ExtensibilityGlobals) = postSolution
		SolutionGuid = {E6E32D06-C684-4E0E-9598-E3A8315CC32D}
	EndGlobalSection
EndGlobal
