
Microsoft Visual Studio Solution File, Format Version 12.00
# Visual Studio Version 17
VisualStudioVersion = 17.7.34221.43
MinimumVisualStudioVersion = 10.0.40219.1
Project("{FAE04EC0-301F-11D3-BF4B-00C04F79EFBC}") = "SD6503BenchmarkAppAssignment1", "SD6503BenchmarkAppAssignment1.csproj", "{3B266FFE-D626-48C0-A32A-BAC3A5224E19}"
EndProject
Project("{FAE04EC0-301F-11D3-BF4B-00C04F79EFBC}") = "StaffAppUnitTestProject", "..\StaffAppUnitTestProject\StaffAppUnitTestProject.csproj", "{450094B1-DB4F-41B1-B709-E1A52B9C4E1B}"
EndProject
Project("{2150E333-8FDC-42A3-9474-1A3956D46DE8}") = "Solution Items", "Solution Items", "{C37DA357-9B15-44B8-B1B9-2D340F886948}"
	ProjectSection(SolutionItems) = preProject
		bin\Debug\SD6503BenchmarkAppAssignment1.exe = bin\Debug\SD6503BenchmarkAppAssignment1.exe
	EndProjectSection
EndProject
Global
	GlobalSection(SolutionConfigurationPlatforms) = preSolution
		Debug|Any CPU = Debug|Any CPU
		Release|Any CPU = Release|Any CPU
	EndGlobalSection
	GlobalSection(ProjectConfigurationPlatforms) = postSolution
		{3B266FFE-D626-48C0-A32A-BAC3A5224E19}.Debug|Any CPU.ActiveCfg = Debug|Any CPU
		{3B266FFE-D626-48C0-A32A-BAC3A5224E19}.Debug|Any CPU.Build.0 = Debug|Any CPU
		{3B266FFE-D626-48C0-A32A-BAC3A5224E19}.Release|Any CPU.ActiveCfg = Release|Any CPU
		{3B266FFE-D626-48C0-A32A-BAC3A5224E19}.Release|Any CPU.Build.0 = Release|Any CPU
		{450094B1-DB4F-41B1-B709-E1A52B9C4E1B}.Debug|Any CPU.ActiveCfg = Debug|Any CPU
		{450094B1-DB4F-41B1-B709-E1A52B9C4E1B}.Debug|Any CPU.Build.0 = Debug|Any CPU
		{450094B1-DB4F-41B1-B709-E1A52B9C4E1B}.Release|Any CPU.ActiveCfg = Release|Any CPU
		{450094B1-DB4F-41B1-B709-E1A52B9C4E1B}.Release|Any CPU.Build.0 = Release|Any CPU
	EndGlobalSection
	GlobalSection(SolutionProperties) = preSolution
		HideSolutionNode = FALSE
	EndGlobalSection
	GlobalSection(ExtensibilityGlobals) = postSolution
		SolutionGuid = {E6E32D06-C684-4E0E-9598-E3A8315CC32D}
	EndGlobalSection
EndGlobal
